// !$*UTF8*$!
{
	archiveVersion = 1;
	classes = {
	};
	objectVersion = 60;
	objects = {

/* Begin PBXBuildFile section */
		A10000000000000000001001 /* iOSApp.swift in Sources */ = {isa = PBXBuildFile; fileRef = A10000000000000000002010 /* iOSApp.swift */; };
		A10000000000000000001002 /* AppDelegate.swift in Sources */ = {isa = PBXBuildFile; fileRef = A10000000000000000002011 /* AppDelegate.swift */; };
		A10000000000000000001003 /* ComposeView.swift in Sources */ = {isa = PBXBuildFile; fileRef = A10000000000000000002012 /* ComposeView.swift */; };
		A10000000000000000001005 /* Assets.xcassets in Resources */ = {isa = PBXBuildFile; fileRef = A10000000000000000002018 /* Assets.xcassets */; };
		A10000000000000000001006 /* ComposeApp.framework in Frameworks */ = {isa = PBXBuildFile; fileRef = A10000000000000000002020 /* ComposeApp.framework */; };
/* End PBXBuildFile section */

/* Begin PBXFileReference section */
		A1000000000000000000200F /* iosApp.app */ = {isa = PBXFileReference; explicitFileType = wrapper.application; path = iosApp.app; sourceTree = BUILT_PRODUCTS_DIR; };
		A10000000000000000002010 /* iOSApp.swift */ = {isa = PBXFileReference; lastKnownFileType = sourcecode.swift; path = iOSApp.swift; sourceTree = "<group>"; };
		A10000000000000000002011 /* AppDelegate.swift */ = {isa = PBXFileReference; lastKnownFileType = sourcecode.swift; path = AppDelegate.swift; sourceTree = "<group>"; };
		A10000000000000000002012 /* ComposeView.swift */ = {isa = PBXFileReference; lastKnownFileType = sourcecode.swift; path = ComposeView.swift; sourceTree = "<group>"; };
		A10000000000000000002018 /* Assets.xcassets */ = {isa = PBXFileReference; lastKnownFileType = folder.assetcatalog; path = Assets.xcassets; sourceTree = "<group>"; };
		A10000000000000000002019 /* Info.plist */ = {isa = PBXFileReference; lastKnownFileType = text.plist.xml; path = Info.plist; sourceTree = "<group>"; };
		A10000000000000000002020 /* ComposeApp.framework */ = {isa = PBXFileReference; explicitFileType = wrapper.framework; path = ComposeApp.framework; sourceTree = BUILT_PRODUCTS_DIR; };
/* End PBXFileReference section */

/* Begin PBXFrameworksBuildPhase section */
		A10000000000000000003033 /* Frameworks */ = {
			isa = PBXFrameworksBuildPhase;
			buildActionMask = 2147483647;
			files = (
				A10000000000000000001006 /* ComposeApp.framework in Frameworks */,
			);
			runOnlyForDeploymentPostprocessing = 0;
		};
/* End PBXFrameworksBuildPhase section */

/* Begin PBXGroup section */
		A10000000000000000004020 /* iosApp */ = {
			isa = PBXGroup;
			children = (
				A10000000000000000002010 /* iOSApp.swift */,
				A10000000000000000002011 /* AppDelegate.swift */,
				A10000000000000000002012 /* ComposeView.swift */,
				A10000000000000000002018 /* Assets.xcassets */,
				A10000000000000000002019 /* Info.plist */,
			);
			path = iosApp;
			sourceTree = "<group>";
		};
		A10000000000000000004021 /* Products */ = {
			isa = PBXGroup;
			children = (
				A1000000000000000000200F /* iosApp.app */,
			);
			name = Products;
			sourceTree = "<group>";
		};
		A10000000000000000004022 /* Frameworks */ = {
			isa = PBXGroup;
			children = (
				A10000000000000000002020 /* ComposeApp.framework */,
			);
			name = Frameworks;
			sourceTree = "<group>";
		};
		A10000000000000000004023 = {
			isa = PBXGroup;
			children = (
				A10000000000000000004020 /* iosApp */,
				A10000000000000000004021 /* Products */,
				A10000000000000000004022 /* Frameworks */,
			);
			sourceTree = "<group>";
		};
/* End PBXGroup section */

/* Begin PBXNativeTarget section */
		A10000000000000000005030 /* iosApp */ = {
			isa = PBXNativeTarget;
			buildConfigurationList = A10000000000000000007040 /* Build configuration list for PBXNativeTarget "iosApp" */;
			buildPhases = (
				A10000000000000000003034 /* Build Kotlin Framework */,
				A10000000000000000003031 /* Sources */,
				A10000000000000000003032 /* Resources */,
				A10000000000000000003033 /* Frameworks */,
			);
			buildRules = (
			);
			dependencies = (
			);
			name = iosApp;
			packageProductDependencies = (
			);
			productName = iosApp;
			productReference = A1000000000000000000200F /* iosApp.app */;
			productType = "com.apple.product-type.application";
		};
/* End PBXNativeTarget section */

/* Begin PBXProject section */
		A10000000000000000005038 /* Project object */ = {
			isa = PBXProject;
			attributes = {
				BuildIndependentTargetsInParallel = 1;
				LastSwiftUpdateCheck = 1540;
				LastUpgradeCheck = 1540;
				TargetAttributes = {
					A10000000000000000005030 = {
						CreatedOnToolsVersion = 15.4;
					};
				};
			};
			buildConfigurationList = A10000000000000000007039 /* Build configuration list for PBXProject "iosApp" */;
			compatibilityVersion = "Xcode 15.0";
			developmentRegion = en;
			hasScannedForEncodings = 0;
			knownRegions = (
				en,
				Base,
			);
			mainGroup = A10000000000000000004023;
			packageReferences = (
			);
			productRefGroup = A10000000000000000004021 /* Products */;
			projectDirPath = "";
			projectRoot = "";
			targets = (
				A10000000000000000005030 /* iosApp */,
			);
		};
/* End PBXProject section */

/* Begin PBXResourcesBuildPhase section */
		A10000000000000000003032 /* Resources */ = {
			isa = PBXResourcesBuildPhase;
			buildActionMask = 2147483647;
			files = (
				A10000000000000000001005 /* Assets.xcassets in Resources */,
			);
			runOnlyForDeploymentPostprocessing = 0;
		};
/* End PBXResourcesBuildPhase section */

/* Begin PBXShellScriptBuildPhase section */
		A10000000000000000003034 /* Build Kotlin Framework */ = {
			isa = PBXShellScriptBuildPhase;
			buildActionMask = 2147483647;
			files = (
			);
			inputPaths = (
			);
			name = "Build Kotlin Framework";
			outputPaths = (
			);
			runOnlyForDeploymentPostprocessing = 0;
			shellPath = /bin/sh;
			shellScript = "if [ \"YES\" = \"$OVERRIDE_KOTLIN_BUILD_IDE_SUPPORTED\" ]; then\n  echo \"Skipping Gradle build task invocation due to OVERRIDE_KOTLIN_BUILD_IDE_SUPPORTED environment variable set to \\\"YES\\\"\"\n  exit 0\nfi\nset -e\nif [ -z \"$ARCHS\" ]; then\n  ARCHS=\"arm64\"\n  export ARCHS\nfi\n\"$SRCROOT/../../gradlew\" -p \"$SRCROOT/../..\" :demo:common:embedAndSignAppleFrameworkForXcode\n";
		};
/* End PBXShellScriptBuildPhase section */

/* Begin PBXSourcesBuildPhase section */
		A10000000000000000003031 /* Sources */ = {
			isa = PBXSourcesBuildPhase;
			buildActionMask = 2147483647;
			files = (
				A10000000000000000001001 /* iOSApp.swift in Sources */,
				A10000000000000000001002 /* AppDelegate.swift in Sources */,
				A10000000000000000001003 /* ComposeView.swift in Sources */,
			);
			runOnlyForDeploymentPostprocessing = 0;
		};
/* End PBXSourcesBuildPhase section */

/* Begin XCBuildConfiguration section */
		A10000000000000000007050 /* Debug */ = {
			isa = XCBuildConfiguration;
			buildSettings = {
				ASSETCATALOG_COMPILER_APPICON_NAME = AppIcon;
				CLANG_ENABLE_MODULES = YES;
				CURRENT_PROJECT_VERSION = 1;
				DEFINES_MODULE = YES;
				DEVELOPMENT_LANGUAGE = en;
				ENABLE_PREVIEWS = YES;
				INFOPLIST_FILE = iosApp/Info.plist;
				IPHONEOS_DEPLOYMENT_TARGET = 15.0;
				LD_RUNPATH_SEARCH_PATHS = (
					"$(inherited)",
					"@executable_path/Frameworks",
				);
				PRODUCT_BUNDLE_IDENTIFIER = com.r0adkll.livewire.ios;
				PRODUCT_NAME = iosApp;
				SWIFT_VERSION = 5.0;
			};
			name = Debug;
		};
		A10000000000000000007051 /* Release */ = {
			isa = XCBuildConfiguration;
			buildSettings = {
				ASSETCATALOG_COMPILER_APPICON_NAME = AppIcon;
				CLANG_ENABLE_MODULES = YES;
				CURRENT_PROJECT_VERSION = 1;
				DEFINES_MODULE = YES;
				DEVELOPMENT_LANGUAGE = en;
				ENABLE_PREVIEWS = YES;
				INFOPLIST_FILE = iosApp/Info.plist;
				IPHONEOS_DEPLOYMENT_TARGET = 15.0;
				LD_RUNPATH_SEARCH_PATHS = (
					"$(inherited)",
					"@executable_path/Frameworks",
				);
				PRODUCT_BUNDLE_IDENTIFIER = com.r0adkll.livewire.ios;
				PRODUCT_NAME = iosApp;
				SWIFT_VERSION = 5.0;
			};
			name = Release;
		};
		A10000000000000000007052 /* Debug */ = {
			isa = XCBuildConfiguration;
			buildSettings = {
				CODE_SIGN_STYLE = Automatic;
				DEVELOPMENT_TEAM = DF3MY2T2H2;
				FRAMEWORK_SEARCH_PATHS = (
					"$(inherited)",
					"$(BUILT_PRODUCTS_DIR)",
				);
				ONLY_ACTIVE_ARCH = YES;
				PRODUCT_NAME = iosApp;
				SDKROOT = iphoneos;
				TARGETED_DEVICE_FAMILY = "1,2";
			};
			name = Debug;
		};
		A10000000000000000007053 /* Release */ = {
			isa = XCBuildConfiguration;
			buildSettings = {
				CODE_SIGN_STYLE = Automatic;
				DEVELOPMENT_TEAM = DF3MY2T2H2;
				FRAMEWORK_SEARCH_PATHS = (
					"$(inherited)",
					"$(BUILT_PRODUCTS_DIR)",
				);
				ONLY_ACTIVE_ARCH = YES;
				PRODUCT_NAME = iosApp;
				SDKROOT = iphoneos;
				TARGETED_DEVICE_FAMILY = "1,2";
			};
			name = Release;
		};
/* End XCBuildConfiguration section */

/* Begin XCConfigurationList section */
		A10000000000000000007039 /* Build configuration list for PBXProject "iosApp" */ = {
			isa = XCConfigurationList;
			buildConfigurations = (
				A10000000000000000007050 /* Debug */,
				A10000000000000000007051 /* Release */,
			);
			defaultConfigurationIsVisible = 0;
			defaultConfigurationName = Debug;
		};
		A10000000000000000007040 /* Build configuration list for PBXNativeTarget "iosApp" */ = {
			isa = XCConfigurationList;
			buildConfigurations = (
				A10000000000000000007052 /* Debug */,
				A10000000000000000007053 /* Release */,
			);
			defaultConfigurationIsVisible = 0;
			defaultConfigurationName = Debug;
		};
/* End XCConfigurationList section */
	};
	rootObject = A10000000000000000005038 /* Project object */;
}
