{
  "originHash" : "46e447d79c65d2b0c80b0f624a807f76fc2e15766cd3729f01aecd1b6f2c0ced",
  "pins" : [
    {
      "identity" : "cocoaasyncsocket",
      "kind" : "remoteSourceControl",
      "location" : "https://github.com/robbiehanson/CocoaAsyncSocket",
      "state" : {
        "revision" : "dbdc00669c1ced63b27c3c5f052ee4d28f10150c",
        "version" : "7.6.5"
      }
    },
    {
      "identity" : "peertalk",
      "kind" : "remoteSourceControl",
      "location" : "https://github.com/EmergeTools/peertalk",
      "state" : {
        "revision" : "02b8bebff91cd3d7a5d89c0ddb4bbd873c62879d",
        "version" : "1.0.0"
      }
    }
  ],
  "version" : 3
}
